PODS:
  - SDWebImage (3.8.1):
    - SDWebImage/Core (= 3.8.1)
  - SDWebImage/Core (3.8.1)
  - UICKeyChainStore (2.1.0)

DEPENDENCIES:
  - SDWebImage
  - UICKeyChainStore

SPEC CHECKSUMS:
  SDWebImage: 35f9627a3e44b4f292a8a8ce6a531fa488239b91
  UICKeyChainStore: f1cbd42216a113f0165de1e733e62905b8823432

PODFILE CHECKSUM: 50d77fab2b661e83ddaf0a3e650e71334146ea38

COCOAPODS: 1.0.1
