// !$*UTF8*$!
{
	archiveVersion = 1;
	classes = {
	};
	objectVersion = 46;
	objects = {

/* Begin PBXBuildFile section */
		303E0D441CED93450053A0FD /* main.m in Sources */ = {isa = PBXBuildFile; fileRef = 303E0D431CED93450053A0FD /* main.m */; };
		303E0D471CED93450053A0FD /* AppDelegate.m in Sources */ = {isa = PBXBuildFile; fileRef = 303E0D461CED93450053A0FD /* AppDelegate.m */; };
		303E0D4D1CED93450053A0FD /* Main.storyboard in Resources */ = {isa = PBXBuildFile; fileRef = 303E0D4B1CED93450053A0FD /* Main.storyboard */; };
		303E0D4F1CED93450053A0FD /* Assets.xcassets in Resources */ = {isa = PBXBuildFile; fileRef = 303E0D4E1CED93450053A0FD /* Assets.xcassets */; };
		303E0D521CED93450053A0FD /* LaunchScreen.storyboard in Resources */ = {isa = PBXBuildFile; fileRef = 303E0D501CED93450053A0FD /* LaunchScreen.storyboard */; };
		303E0D5D1CED93450053A0FD /* ElearningTests.m in Sources */ = {isa = PBXBuildFile; fileRef = 303E0D5C1CED93450053A0FD /* ElearningTests.m */; };
		303E0D681CED93450053A0FD /* ElearningUITests.m in Sources */ = {isa = PBXBuildFile; fileRef = 303E0D671CED93450053A0FD /* ElearningUITests.m */; };
		3064ED131CF6E5AE0088709D /* checked.png in Resources */ = {isa = PBXBuildFile; fileRef = 3064ED121CF6E5AE0088709D /* checked.png */; };
		3064ED151CF6E5B60088709D /* unchecked.png in Resources */ = {isa = PBXBuildFile; fileRef = 3064ED141CF6E5B60088709D /* unchecked.png */; };
		307C50081D065E8800182659 /* ParseJson.m in Sources */ = {isa = PBXBuildFile; fileRef = 307C50071D065E8800182659 /* ParseJson.m */; };
		307C500B1D065EA100182659 /* NetworkConnection.m in Sources */ = {isa = PBXBuildFile; fileRef = 307C500A1D065EA100182659 /* NetworkConnection.m */; };
		309A3CEC1CF43AA4004F7F98 /* noavatar.png in Resources */ = {isa = PBXBuildFile; fileRef = 309A3CEB1CF43AA4004F7F98 /* noavatar.png */; };
		30B7ABEF1D05777E00553861 /* User.m in Sources */ = {isa = PBXBuildFile; fileRef = 30B7ABEE1D05777E00553861 /* User.m */; };
		30B7ABF21D0577BF00553861 /* UserInput.m in Sources */ = {isa = PBXBuildFile; fileRef = 30B7ABF11D0577BF00553861 /* UserInput.m */; };
		30D0B8661CFD32E00051F40A /* NSString+Base64.m in Sources */ = {isa = PBXBuildFile; fileRef = 30D0B8651CFD32E00051F40A /* NSString+Base64.m */; };
		30D0B8691CFD32FC0051F40A /* NSData+CommonCrypto.m in Sources */ = {isa = PBXBuildFile; fileRef = 30D0B8681CFD32FC0051F40A /* NSData+CommonCrypto.m */; };
		30D0B86C1CFD331D0051F40A /* NSData+Base64.m in Sources */ = {isa = PBXBuildFile; fileRef = 30D0B86B1CFD331D0051F40A /* NSData+Base64.m */; };
		30D0B86F1CFD333A0051F40A /* AESCrypt.m in Sources */ = {isa = PBXBuildFile; fileRef = 30D0B86E1CFD333A0051F40A /* AESCrypt.m */; };
		30EBAC821CFBED730027A635 /* avatar.png in Resources */ = {isa = PBXBuildFile; fileRef = 30EBAC7D1CFBED730027A635 /* avatar.png */; };
		30EBAC831CFBED730027A635 /* edit.png in Resources */ = {isa = PBXBuildFile; fileRef = 30EBAC7E1CFBED730027A635 /* edit.png */; };
		30EBAC841CFBED730027A635 /* email.png in Resources */ = {isa = PBXBuildFile; fileRef = 30EBAC7F1CFBED730027A635 /* email.png */; };
		30EBAC851CFBED730027A635 /* password.png in Resources */ = {isa = PBXBuildFile; fileRef = 30EBAC801CFBED730027A635 /* password.png */; };
		30EBAC861CFBED730027A635 /* profile.png in Resources */ = {isa = PBXBuildFile; fileRef = 30EBAC811CFBED730027A635 /* profile.png */; };
		EF3D8F951CEEBA5D00AF117D /* CategoriesViewController.m in Sources */ = {isa = PBXBuildFile; fileRef = EF3D8F941CEEBA5D00AF117D /* CategoriesViewController.m */; };
		EF3D8FAB1CEEBAA100AF117D /* HomeViewController.m in Sources */ = {isa = PBXBuildFile; fileRef = EF3D8F981CEEBAA100AF117D /* HomeViewController.m */; };
		EF3D8FAC1CEEBAA100AF117D /* LessonViewController.m in Sources */ = {isa = PBXBuildFile; fileRef = EF3D8F9B1CEEBAA100AF117D /* LessonViewController.m */; };
		EF3D8FAD1CEEBAA100AF117D /* LoginViewController.m in Sources */ = {isa = PBXBuildFile; fileRef = EF3D8F9E1CEEBAA100AF117D /* LoginViewController.m */; };
		EF3D8FAE1CEEBAA100AF117D /* RegisterViewController.m in Sources */ = {isa = PBXBuildFile; fileRef = EF3D8FA11CEEBAA100AF117D /* RegisterViewController.m */; };
		EF3D8FAF1CEEBAA100AF117D /* ResultViewController.m in Sources */ = {isa = PBXBuildFile; fileRef = EF3D8FA41CEEBAA100AF117D /* ResultViewController.m */; };
		EF3D8FB01CEEBAA100AF117D /* UpdateProfileViewController.m in Sources */ = {isa = PBXBuildFile; fileRef = EF3D8FA71CEEBAA100AF117D /* UpdateProfileViewController.m */; };
		EF3D8FB11CEEBAA100AF117D /* WordsListViewController.m in Sources */ = {isa = PBXBuildFile; fileRef = EF3D8FAA1CEEBAA100AF117D /* WordsListViewController.m */; };
		EFF77A6E1CEDA6F300EAFAD5 /* SecondStoryboard.storyboard in Resources */ = {isa = PBXBuildFile; fileRef = EFF77A6D1CEDA6F300EAFAD5 /* SecondStoryboard.storyboard */; };
/* End PBXBuildFile section */

/* Begin PBXContainerItemProxy section */
		303E0D591CED93450053A0FD /* PBXContainerItemProxy */ = {
			isa = PBXContainerItemProxy;
			containerPortal = 303E0D371CED93450053A0FD /* Project object */;
			proxyType = 1;
			remoteGlobalIDString = 303E0D3E1CED93450053A0FD;
			remoteInfo = Elearning;
		};
		303E0D641CED93450053A0FD /* PBXContainerItemProxy */ = {
			isa = PBXContainerItemProxy;
			containerPortal = 303E0D371CED93450053A0FD /* Project object */;
			proxyType = 1;
			remoteGlobalIDString = 303E0D3E1CED93450053A0FD;
			remoteInfo = Elearning;
		};
/* End PBXContainerItemProxy section */

/* Begin PBXFileReference section */
		303E0D3F1CED93450053A0FD /* Elearning.app */ = {isa = PBXFileReference; explicitFileType = wrapper.application; includeInIndex = 0; path = Elearning.app; sourceTree = BUILT_PRODUCTS_DIR; };
		303E0D431CED93450053A0FD /* main.m */ = {isa = PBXFileReference; lastKnownFileType = sourcecode.c.objc; path = main.m; sourceTree = "<group>"; };
		303E0D451CED93450053A0FD /* AppDelegate.h */ = {isa = PBXFileReference; lastKnownFileType = sourcecode.c.h; path = AppDelegate.h; sourceTree = "<group>"; };
		303E0D461CED93450053A0FD /* AppDelegate.m */ = {isa = PBXFileReference; lastKnownFileType = sourcecode.c.objc; path = AppDelegate.m; sourceTree = "<group>"; };
		303E0D4C1CED93450053A0FD /* Base */ = {isa = PBXFileReference; lastKnownFileType = file.storyboard; name = Base; path = Base.lproj/Main.storyboard; sourceTree = "<group>"; };
		303E0D4E1CED93450053A0FD /* Assets.xcassets */ = {isa = PBXFileReference; lastKnownFileType = folder.assetcatalog; path = Assets.xcassets; sourceTree = "<group>"; };
		303E0D511CED93450053A0FD /* Base */ = {isa = PBXFileReference; lastKnownFileType = file.storyboard; name = Base; path = Base.lproj/LaunchScreen.storyboard; sourceTree = "<group>"; };
		303E0D531CED93450053A0FD /* Info.plist */ = {isa = PBXFileReference; lastKnownFileType = text.plist.xml; path = Info.plist; sourceTree = "<group>"; };
		303E0D581CED93450053A0FD /* ElearningTests.xctest */ = {isa = PBXFileReference; explicitFileType = wrapper.cfbundle; includeInIndex = 0; path = ElearningTests.xctest; sourceTree = BUILT_PRODUCTS_DIR; };
		303E0D5C1CED93450053A0FD /* ElearningTests.m */ = {isa = PBXFileReference; lastKnownFileType = sourcecode.c.objc; path = ElearningTests.m; sourceTree = "<group>"; };
		303E0D5E1CED93450053A0FD /* Info.plist */ = {isa = PBXFileReference; lastKnownFileType = text.plist.xml; path = Info.plist; sourceTree = "<group>"; };
		303E0D631CED93450053A0FD /* ElearningUITests.xctest */ = {isa = PBXFileReference; explicitFileType = wrapper.cfbundle; includeInIndex = 0; path = ElearningUITests.xctest; sourceTree = BUILT_PRODUCTS_DIR; };
		303E0D671CED93450053A0FD /* ElearningUITests.m */ = {isa = PBXFileReference; lastKnownFileType = sourcecode.c.objc; path = ElearningUITests.m; sourceTree = "<group>"; };
		303E0D691CED93450053A0FD /* Info.plist */ = {isa = PBXFileReference; lastKnownFileType = text.plist.xml; path = Info.plist; sourceTree = "<group>"; };
		3064ED121CF6E5AE0088709D /* checked.png */ = {isa = PBXFileReference; lastKnownFileType = image.png; name = checked.png; path = Resources/Images/checked.png; sourceTree = "<group>"; };
		3064ED141CF6E5B60088709D /* unchecked.png */ = {isa = PBXFileReference; lastKnownFileType = image.png; name = unchecked.png; path = Resources/Images/unchecked.png; sourceTree = "<group>"; };
		307C50061D065E8800182659 /* ParseJson.h */ = {isa = PBXFileReference; fileEncoding = 4; lastKnownFileType = sourcecode.c.h; name = ParseJson.h; path = Network/ParseJson.h; sourceTree = "<group>"; };
		307C50071D065E8800182659 /* ParseJson.m */ = {isa = PBXFileReference; fileEncoding = 4; lastKnownFileType = sourcecode.c.objc; name = ParseJson.m; path = Network/ParseJson.m; sourceTree = "<group>"; };
		307C50091D065EA100182659 /* NetworkConnection.h */ = {isa = PBXFileReference; fileEncoding = 4; lastKnownFileType = sourcecode.c.h; name = NetworkConnection.h; path = Network/NetworkConnection.h; sourceTree = "<group>"; };
		307C500A1D065EA100182659 /* NetworkConnection.m */ = {isa = PBXFileReference; fileEncoding = 4; lastKnownFileType = sourcecode.c.objc; name = NetworkConnection.m; path = Network/NetworkConnection.m; sourceTree = "<group>"; };
		309A3CEB1CF43AA4004F7F98 /* noavatar.png */ = {isa = PBXFileReference; lastKnownFileType = image.png; name = noavatar.png; path = Resources/Images/noavatar.png; sourceTree = "<group>"; };
		30B7ABED1D05777E00553861 /* User.h */ = {isa = PBXFileReference; fileEncoding = 4; lastKnownFileType = sourcecode.c.h; name = User.h; path = Model/User.h; sourceTree = "<group>"; };
		30B7ABEE1D05777E00553861 /* User.m */ = {isa = PBXFileReference; fileEncoding = 4; lastKnownFileType = sourcecode.c.objc; name = User.m; path = Model/User.m; sourceTree = "<group>"; };
		30B7ABF01D0577BF00553861 /* UserInput.h */ = {isa = PBXFileReference; fileEncoding = 4; lastKnownFileType = sourcecode.c.h; name = UserInput.h; path = Model/UserInput.h; sourceTree = "<group>"; };
		30B7ABF11D0577BF00553861 /* UserInput.m */ = {isa = PBXFileReference; fileEncoding = 4; lastKnownFileType = sourcecode.c.objc; name = UserInput.m; path = Model/UserInput.m; sourceTree = "<group>"; };
		30D0B8641CFD32E00051F40A /* NSString+Base64.h */ = {isa = PBXFileReference; fileEncoding = 4; lastKnownFileType = sourcecode.c.h; name = "NSString+Base64.h"; path = "AES/NSString+Base64.h"; sourceTree = "<group>"; };
		30D0B8651CFD32E00051F40A /* NSString+Base64.m */ = {isa = PBXFileReference; fileEncoding = 4; lastKnownFileType = sourcecode.c.objc; name = "NSString+Base64.m"; path = "AES/NSString+Base64.m"; sourceTree = "<group>"; };
		30D0B8671CFD32FC0051F40A /* NSData+CommonCrypto.h */ = {isa = PBXFileReference; fileEncoding = 4; lastKnownFileType = sourcecode.c.h; name = "NSData+CommonCrypto.h"; path = "AES/NSData+CommonCrypto.h"; sourceTree = "<group>"; };
		30D0B8681CFD32FC0051F40A /* NSData+CommonCrypto.m */ = {isa = PBXFileReference; fileEncoding = 4; lastKnownFileType = sourcecode.c.objc; name = "NSData+CommonCrypto.m"; path = "AES/NSData+CommonCrypto.m"; sourceTree = "<group>"; };
		30D0B86A1CFD331D0051F40A /* NSData+Base64.h */ = {isa = PBXFileReference; fileEncoding = 4; lastKnownFileType = sourcecode.c.h; name = "NSData+Base64.h"; path = "AES/NSData+Base64.h"; sourceTree = "<group>"; };
		30D0B86B1CFD331D0051F40A /* NSData+Base64.m */ = {isa = PBXFileReference; fileEncoding = 4; lastKnownFileType = sourcecode.c.objc; name = "NSData+Base64.m"; path = "AES/NSData+Base64.m"; sourceTree = "<group>"; };
		30D0B86D1CFD333A0051F40A /* AESCrypt.h */ = {isa = PBXFileReference; fileEncoding = 4; lastKnownFileType = sourcecode.c.h; name = AESCrypt.h; path = AES/AESCrypt.h; sourceTree = "<group>"; };
		30D0B86E1CFD333A0051F40A /* AESCrypt.m */ = {isa = PBXFileReference; fileEncoding = 4; lastKnownFileType = sourcecode.c.objc; name = AESCrypt.m; path = AES/AESCrypt.m; sourceTree = "<group>"; };
		30EBAC7D1CFBED730027A635 /* avatar.png */ = {isa = PBXFileReference; lastKnownFileType = image.png; name = avatar.png; path = Resources/Images/avatar.png; sourceTree = "<group>"; };
		30EBAC7E1CFBED730027A635 /* edit.png */ = {isa = PBXFileReference; lastKnownFileType = image.png; name = edit.png; path = Resources/Images/edit.png; sourceTree = "<group>"; };
		30EBAC7F1CFBED730027A635 /* email.png */ = {isa = PBXFileReference; lastKnownFileType = image.png; name = email.png; path = Resources/Images/email.png; sourceTree = "<group>"; };
		30EBAC801CFBED730027A635 /* password.png */ = {isa = PBXFileReference; lastKnownFileType = image.png; name = password.png; path = Resources/Images/password.png; sourceTree = "<group>"; };
		30EBAC811CFBED730027A635 /* profile.png */ = {isa = PBXFileReference; lastKnownFileType = image.png; name = profile.png; path = Resources/Images/profile.png; sourceTree = "<group>"; };
		EF3D8F931CEEBA5D00AF117D /* CategoriesViewController.h */ = {isa = PBXFileReference; fileEncoding = 4; lastKnownFileType = sourcecode.c.h; path = CategoriesViewController.h; sourceTree = "<group>"; };
		EF3D8F941CEEBA5D00AF117D /* CategoriesViewController.m */ = {isa = PBXFileReference; fileEncoding = 4; lastKnownFileType = sourcecode.c.objc; path = CategoriesViewController.m; sourceTree = "<group>"; };
		EF3D8F971CEEBAA100AF117D /* HomeViewController.h */ = {isa = PBXFileReference; fileEncoding = 4; lastKnownFileType = sourcecode.c.h; path = HomeViewController.h; sourceTree = "<group>"; };
		EF3D8F981CEEBAA100AF117D /* HomeViewController.m */ = {isa = PBXFileReference; fileEncoding = 4; lastKnownFileType = sourcecode.c.objc; path = HomeViewController.m; sourceTree = "<group>"; };
		EF3D8F9A1CEEBAA100AF117D /* LessonViewController.h */ = {isa = PBXFileReference; fileEncoding = 4; lastKnownFileType = sourcecode.c.h; path = LessonViewController.h; sourceTree = "<group>"; };
		EF3D8F9B1CEEBAA100AF117D /* LessonViewController.m */ = {isa = PBXFileReference; fileEncoding = 4; lastKnownFileType = sourcecode.c.objc; path = LessonViewController.m; sourceTree = "<group>"; };
		EF3D8F9D1CEEBAA100AF117D /* LoginViewController.h */ = {isa = PBXFileReference; fileEncoding = 4; lastKnownFileType = sourcecode.c.h; path = LoginViewController.h; sourceTree = "<group>"; };
		EF3D8F9E1CEEBAA100AF117D /* LoginViewController.m */ = {isa = PBXFileReference; fileEncoding = 4; lastKnownFileType = sourcecode.c.objc; path = LoginViewController.m; sourceTree = "<group>"; };
		EF3D8FA01CEEBAA100AF117D /* RegisterViewController.h */ = {isa = PBXFileReference; fileEncoding = 4; lastKnownFileType = sourcecode.c.h; path = RegisterViewController.h; sourceTree = "<group>"; };
		EF3D8FA11CEEBAA100AF117D /* RegisterViewController.m */ = {isa = PBXFileReference; fileEncoding = 4; lastKnownFileType = sourcecode.c.objc; path = RegisterViewController.m; sourceTree = "<group>"; };
		EF3D8FA31CEEBAA100AF117D /* ResultViewController.h */ = {isa = PBXFileReference; fileEncoding = 4; lastKnownFileType = sourcecode.c.h; path = ResultViewController.h; sourceTree = "<group>"; };
		EF3D8FA41CEEBAA100AF117D /* ResultViewController.m */ = {isa = PBXFileReference; fileEncoding = 4; lastKnownFileType = sourcecode.c.objc; path = ResultViewController.m; sourceTree = "<group>"; };
		EF3D8FA61CEEBAA100AF117D /* UpdateProfileViewController.h */ = {isa = PBXFileReference; fileEncoding = 4; lastKnownFileType = sourcecode.c.h; path = UpdateProfileViewController.h; sourceTree = "<group>"; };
		EF3D8FA71CEEBAA100AF117D /* UpdateProfileViewController.m */ = {isa = PBXFileReference; fileEncoding = 4; lastKnownFileType = sourcecode.c.objc; path = UpdateProfileViewController.m; sourceTree = "<group>"; };
		EF3D8FA91CEEBAA100AF117D /* WordsListViewController.h */ = {isa = PBXFileReference; fileEncoding = 4; lastKnownFileType = sourcecode.c.h; path = WordsListViewController.h; sourceTree = "<group>"; };
		EF3D8FAA1CEEBAA100AF117D /* WordsListViewController.m */ = {isa = PBXFileReference; fileEncoding = 4; lastKnownFileType = sourcecode.c.objc; path = WordsListViewController.m; sourceTree = "<group>"; };
		EFF77A6D1CEDA6F300EAFAD5 /* SecondStoryboard.storyboard */ = {isa = PBXFileReference; fileEncoding = 4; lastKnownFileType = file.storyboard; name = SecondStoryboard.storyboard; path = Storyboards/SecondStoryboard.storyboard; sourceTree = "<group>"; };
/* End PBXFileReference section */

/* Begin PBXFrameworksBuildPhase section */
		303E0D3C1CED93450053A0FD /* Frameworks */ = {
			isa = PBXFrameworksBuildPhase;
			buildActionMask = 2147483647;
			files = (
			);
			runOnlyForDeploymentPostprocessing = 0;
		};
		303E0D551CED93450053A0FD /* Frameworks */ = {
			isa = PBXFrameworksBuildPhase;
			buildActionMask = 2147483647;
			files = (
			);
			runOnlyForDeploymentPostprocessing = 0;
		};
		303E0D601CED93450053A0FD /* Frameworks */ = {
			isa = PBXFrameworksBuildPhase;
			buildActionMask = 2147483647;
			files = (
			);
			runOnlyForDeploymentPostprocessing = 0;
		};
/* End PBXFrameworksBuildPhase section */

/* Begin PBXGroup section */
		303E0D361CED93450053A0FD = {
			isa = PBXGroup;
			children = (
				303E0D411CED93450053A0FD /* Elearning */,
				303E0D5B1CED93450053A0FD /* ElearningTests */,
				303E0D661CED93450053A0FD /* ElearningUITests */,
				EFF77A681CEDA59100EAFAD5 /* Frameworks */,
				303E0D401CED93450053A0FD /* Products */,
			);
			sourceTree = "<group>";
		};
		303E0D401CED93450053A0FD /* Products */ = {
			isa = PBXGroup;
			children = (
				303E0D3F1CED93450053A0FD /* Elearning.app */,
				303E0D581CED93450053A0FD /* ElearningTests.xctest */,
				303E0D631CED93450053A0FD /* ElearningUITests.xctest */,
			);
			name = Products;
			sourceTree = "<group>";
		};
		303E0D411CED93450053A0FD /* Elearning */ = {
			isa = PBXGroup;
			children = (
				30D0B8631CFD32B70051F40A /* AES */,
				3064ED051CF69A080088709D /* Utilities */,
				3064ECFB1CF684B90088709D /* Network */,
				EFF77A6A1CEDA5AB00EAFAD5 /* ViewControllers */,
				EFF77A671CEDA2FB00EAFAD5 /* Storyboards */,
				EFF77A6C1CEDA61500EAFAD5 /* Model */,
				EFF77A6B1CEDA5BE00EAFAD5 /* Libraries */,
				EFF77A661CEDA2F200EAFAD5 /* Resources */,
				EFF77A691CEDA5A100EAFAD5 /* Services */,
				303E0D421CED93450053A0FD /* Supporting Files */,
			);
			path = Elearning;
			sourceTree = "<group>";
		};
		303E0D421CED93450053A0FD /* Supporting Files */ = {
			isa = PBXGroup;
			children = (
				303E0D4E1CED93450053A0FD /* Assets.xcassets */,
				303E0D531CED93450053A0FD /* Info.plist */,
				303E0D501CED93450053A0FD /* LaunchScreen.storyboard */,
				303E0D431CED93450053A0FD /* main.m */,
			);
			name = "Supporting Files";
			sourceTree = "<group>";
		};
		303E0D5B1CED93450053A0FD /* ElearningTests */ = {
			isa = PBXGroup;
			children = (
				303E0D5C1CED93450053A0FD /* ElearningTests.m */,
				303E0D5E1CED93450053A0FD /* Info.plist */,
			);
			path = ElearningTests;
			sourceTree = "<group>";
		};
		303E0D661CED93450053A0FD /* ElearningUITests */ = {
			isa = PBXGroup;
			children = (
				303E0D671CED93450053A0FD /* ElearningUITests.m */,
				303E0D691CED93450053A0FD /* Info.plist */,
			);
			path = ElearningUITests;
			sourceTree = "<group>";
		};
		3064ECFB1CF684B90088709D /* Network */ = {
			isa = PBXGroup;
			children = (
				307C50061D065E8800182659 /* ParseJson.h */,
				307C50071D065E8800182659 /* ParseJson.m */,
				307C50091D065EA100182659 /* NetworkConnection.h */,
				307C500A1D065EA100182659 /* NetworkConnection.m */,
			);
			name = Network;
			sourceTree = "<group>";
		};
		3064ED051CF69A080088709D /* Utilities */ = {
			isa = PBXGroup;
			children = (
			);
			name = Utilities;
			sourceTree = "<group>";
		};
		309A3CE61CF43609004F7F98 /* Images */ = {
			isa = PBXGroup;
			children = (
				30EBAC7D1CFBED730027A635 /* avatar.png */,
				30EBAC7E1CFBED730027A635 /* edit.png */,
				30EBAC7F1CFBED730027A635 /* email.png */,
				30EBAC801CFBED730027A635 /* password.png */,
				30EBAC811CFBED730027A635 /* profile.png */,
				3064ED141CF6E5B60088709D /* unchecked.png */,
				3064ED121CF6E5AE0088709D /* checked.png */,
				309A3CEB1CF43AA4004F7F98 /* noavatar.png */,
			);
			name = Images;
			sourceTree = "<group>";
		};
		30D0B8631CFD32B70051F40A /* AES */ = {
			isa = PBXGroup;
			children = (
				30D0B8641CFD32E00051F40A /* NSString+Base64.h */,
				30D0B8651CFD32E00051F40A /* NSString+Base64.m */,
				30D0B8671CFD32FC0051F40A /* NSData+CommonCrypto.h */,
				30D0B8681CFD32FC0051F40A /* NSData+CommonCrypto.m */,
				30D0B86A1CFD331D0051F40A /* NSData+Base64.h */,
				30D0B86B1CFD331D0051F40A /* NSData+Base64.m */,
				30D0B86D1CFD333A0051F40A /* AESCrypt.h */,
				30D0B86E1CFD333A0051F40A /* AESCrypt.m */,
			);
			name = AES;
			sourceTree = "<group>";
		};
		EF3D8F921CEEBA5D00AF117D /* CategoriesViewController */ = {
			isa = PBXGroup;
			children = (
				EF3D8F931CEEBA5D00AF117D /* CategoriesViewController.h */,
				EF3D8F941CEEBA5D00AF117D /* CategoriesViewController.m */,
			);
			name = CategoriesViewController;
			path = ViewControllers/CategoriesViewController;
			sourceTree = "<group>";
		};
		EF3D8F961CEEBAA100AF117D /* HomeViewController */ = {
			isa = PBXGroup;
			children = (
				EF3D8F971CEEBAA100AF117D /* HomeViewController.h */,
				EF3D8F981CEEBAA100AF117D /* HomeViewController.m */,
			);
			name = HomeViewController;
			path = ViewControllers/HomeViewController;
			sourceTree = "<group>";
		};
		EF3D8F991CEEBAA100AF117D /* LessonViewController */ = {
			isa = PBXGroup;
			children = (
				EF3D8F9A1CEEBAA100AF117D /* LessonViewController.h */,
				EF3D8F9B1CEEBAA100AF117D /* LessonViewController.m */,
			);
			name = LessonViewController;
			path = ViewControllers/LessonViewController;
			sourceTree = "<group>";
		};
		EF3D8F9C1CEEBAA100AF117D /* LoginViewController */ = {
			isa = PBXGroup;
			children = (
				EF3D8F9D1CEEBAA100AF117D /* LoginViewController.h */,
				EF3D8F9E1CEEBAA100AF117D /* LoginViewController.m */,
			);
			name = LoginViewController;
			path = ViewControllers/LoginViewController;
			sourceTree = "<group>";
		};
		EF3D8F9F1CEEBAA100AF117D /* RegisterViewController */ = {
			isa = PBXGroup;
			children = (
				EF3D8FA01CEEBAA100AF117D /* RegisterViewController.h */,
				EF3D8FA11CEEBAA100AF117D /* RegisterViewController.m */,
			);
			name = RegisterViewController;
			path = ViewControllers/RegisterViewController;
			sourceTree = "<group>";
		};
		EF3D8FA21CEEBAA100AF117D /* ResultViewController */ = {
			isa = PBXGroup;
			children = (
				EF3D8FA31CEEBAA100AF117D /* ResultViewController.h */,
				EF3D8FA41CEEBAA100AF117D /* ResultViewController.m */,
			);
			name = ResultViewController;
			path = ViewControllers/ResultViewController;
			sourceTree = "<group>";
		};
		EF3D8FA51CEEBAA100AF117D /* UpdateProfileViewController */ = {
			isa = PBXGroup;
			children = (
				EF3D8FA61CEEBAA100AF117D /* UpdateProfileViewController.h */,
				EF3D8FA71CEEBAA100AF117D /* UpdateProfileViewController.m */,
			);
			name = UpdateProfileViewController;
			path = ViewControllers/UpdateProfileViewController;
			sourceTree = "<group>";
		};
		EF3D8FA81CEEBAA100AF117D /* WordsListViewController */ = {
			isa = PBXGroup;
			children = (
				EF3D8FA91CEEBAA100AF117D /* WordsListViewController.h */,
				EF3D8FAA1CEEBAA100AF117D /* WordsListViewController.m */,
			);
			name = WordsListViewController;
			path = ViewControllers/WordsListViewController;
			sourceTree = "<group>";
		};
		EFF77A661CEDA2F200EAFAD5 /* Resources */ = {
			isa = PBXGroup;
			children = (
				309A3CE61CF43609004F7F98 /* Images */,
			);
			name = Resources;
			sourceTree = "<group>";
		};
		EFF77A671CEDA2FB00EAFAD5 /* Storyboards */ = {
			isa = PBXGroup;
			children = (
				303E0D4B1CED93450053A0FD /* Main.storyboard */,
				EFF77A6D1CEDA6F300EAFAD5 /* SecondStoryboard.storyboard */,
			);
			name = Storyboards;
			sourceTree = "<group>";
		};
		EFF77A681CEDA59100EAFAD5 /* Frameworks */ = {
			isa = PBXGroup;
			children = (
			);
			name = Frameworks;
			sourceTree = "<group>";
		};
		EFF77A691CEDA5A100EAFAD5 /* Services */ = {
			isa = PBXGroup;
			children = (
			);
			name = Services;
			sourceTree = "<group>";
		};
		EFF77A6A1CEDA5AB00EAFAD5 /* ViewControllers */ = {
			isa = PBXGroup;
			children = (
				303E0D451CED93450053A0FD /* AppDelegate.h */,
				303E0D461CED93450053A0FD /* AppDelegate.m */,
				EF3D8F9C1CEEBAA100AF117D /* LoginViewController */,
				EF3D8F9F1CEEBAA100AF117D /* RegisterViewController */,
				EF3D8F961CEEBAA100AF117D /* HomeViewController */,
				EF3D8FA51CEEBAA100AF117D /* UpdateProfileViewController */,
				EF3D8FA81CEEBAA100AF117D /* WordsListViewController */,
				EF3D8F921CEEBA5D00AF117D /* CategoriesViewController */,
				EF3D8F991CEEBAA100AF117D /* LessonViewController */,
				EF3D8FA21CEEBAA100AF117D /* ResultViewController */,
			);
			name = ViewControllers;
			sourceTree = "<group>";
		};
		EFF77A6B1CEDA5BE00EAFAD5 /* Libraries */ = {
			isa = PBXGroup;
			children = (
			);
			name = Libraries;
			sourceTree = "<group>";
		};
		EFF77A6C1CEDA61500EAFAD5 /* Model */ = {
			isa = PBXGroup;
			children = (
				30B7ABED1D05777E00553861 /* User.h */,
				30B7ABEE1D05777E00553861 /* User.m */,
				30B7ABF01D0577BF00553861 /* UserInput.h */,
				30B7ABF11D0577BF00553861 /* UserInput.m */,
			);
			name = Model;
			sourceTree = "<group>";
		};
/* End PBXGroup section */

/* Begin PBXNativeTarget section */
		303E0D3E1CED93450053A0FD /* Elearning */ = {
			isa = PBXNativeTarget;
			buildConfigurationList = 303E0D6C1CED93450053A0FD /* Build configuration list for PBXNativeTarget "Elearning" */;
			buildPhases = (
				303E0D3B1CED93450053A0FD /* Sources */,
				303E0D3C1CED93450053A0FD /* Frameworks */,
				303E0D3D1CED93450053A0FD /* Resources */,
			);
			buildRules = (
			);
			dependencies = (
			);
			name = Elearning;
			productName = Elearning;
			productReference = 303E0D3F1CED93450053A0FD /* Elearning.app */;
			productType = "com.apple.product-type.application";
		};
		303E0D571CED93450053A0FD /* ElearningTests */ = {
			isa = PBXNativeTarget;
			buildConfigurationList = 303E0D6F1CED93450053A0FD /* Build configuration list for PBXNativeTarget "ElearningTests" */;
			buildPhases = (
				303E0D541CED93450053A0FD /* Sources */,
				303E0D551CED93450053A0FD /* Frameworks */,
				303E0D561CED93450053A0FD /* Resources */,
			);
			buildRules = (
			);
			dependencies = (
				303E0D5A1CED93450053A0FD /* PBXTargetDependency */,
			);
			name = ElearningTests;
			productName = ElearningTests;
			productReference = 303E0D581CED93450053A0FD /* ElearningTests.xctest */;
			productType = "com.apple.product-type.bundle.unit-test";
		};
		303E0D621CED93450053A0FD /* ElearningUITests */ = {
			isa = PBXNativeTarget;
			buildConfigurationList = 303E0D721CED93450053A0FD /* Build configuration list for PBXNativeTarget "ElearningUITests" */;
			buildPhases = (
				303E0D5F1CED93450053A0FD /* Sources */,
				303E0D601CED93450053A0FD /* Frameworks */,
				303E0D611CED93450053A0FD /* Resources */,
			);
			buildRules = (
			);
			dependencies = (
				303E0D651CED93450053A0FD /* PBXTargetDependency */,
			);
			name = ElearningUITests;
			productName = ElearningUITests;
			productReference = 303E0D631CED93450053A0FD /* ElearningUITests.xctest */;
			productType = "com.apple.product-type.bundle.ui-testing";
		};
/* End PBXNativeTarget section */

/* Begin PBXProject section */
		303E0D371CED93450053A0FD /* Project object */ = {
			isa = PBXProject;
			attributes = {
				LastUpgradeCheck = 0730;
				ORGANIZATIONNAME = Framgia;
				TargetAttributes = {
					303E0D3E1CED93450053A0FD = {
						CreatedOnToolsVersion = 7.3.1;
						DevelopmentTeam = R8ZB26EDKD;
					};
					303E0D571CED93450053A0FD = {
						CreatedOnToolsVersion = 7.3.1;
						TestTargetID = 303E0D3E1CED93450053A0FD;
					};
					303E0D621CED93450053A0FD = {
						CreatedOnToolsVersion = 7.3.1;
						TestTargetID = 303E0D3E1CED93450053A0FD;
					};
				};
			};
			buildConfigurationList = 303E0D3A1CED93450053A0FD /* Build configuration list for PBXProject "Elearning" */;
			compatibilityVersion = "Xcode 3.2";
			developmentRegion = English;
			hasScannedForEncodings = 0;
			knownRegions = (
				en,
				Base,
			);
			mainGroup = 303E0D361CED93450053A0FD;
			productRefGroup = 303E0D401CED93450053A0FD /* Products */;
			projectDirPath = "";
			projectRoot = "";
			targets = (
				303E0D3E1CED93450053A0FD /* Elearning */,
				303E0D571CED93450053A0FD /* ElearningTests */,
				303E0D621CED93450053A0FD /* ElearningUITests */,
			);
		};
/* End PBXProject section */

/* Begin PBXResourcesBuildPhase section */
		303E0D3D1CED93450053A0FD /* Resources */ = {
			isa = PBXResourcesBuildPhase;
			buildActionMask = 2147483647;
			files = (
				303E0D521CED93450053A0FD /* LaunchScreen.storyboard in Resources */,
				303E0D4F1CED93450053A0FD /* Assets.xcassets in Resources */,
				30EBAC831CFBED730027A635 /* edit.png in Resources */,
				303E0D4D1CED93450053A0FD /* Main.storyboard in Resources */,
				3064ED131CF6E5AE0088709D /* checked.png in Resources */,
				30EBAC821CFBED730027A635 /* avatar.png in Resources */,
				309A3CEC1CF43AA4004F7F98 /* noavatar.png in Resources */,
				30EBAC861CFBED730027A635 /* profile.png in Resources */,
				30EBAC851CFBED730027A635 /* password.png in Resources */,
				EFF77A6E1CEDA6F300EAFAD5 /* SecondStoryboard.storyboard in Resources */,
				30EBAC841CFBED730027A635 /* email.png in Resources */,
				3064ED151CF6E5B60088709D /* unchecked.png in Resources */,
			);
			runOnlyForDeploymentPostprocessing = 0;
		};
		303E0D561CED93450053A0FD /* Resources */ = {
			isa = PBXResourcesBuildPhase;
			buildActionMask = 2147483647;
			files = (
			);
			runOnlyForDeploymentPostprocessing = 0;
		};
		303E0D611CED93450053A0FD /* Resources */ = {
			isa = PBXResourcesBuildPhase;
			buildActionMask = 2147483647;
			files = (
			);
			runOnlyForDeploymentPostprocessing = 0;
		};
/* End PBXResourcesBuildPhase section */

/* Begin PBXSourcesBuildPhase section */
		303E0D3B1CED93450053A0FD /* Sources */ = {
			isa = PBXSourcesBuildPhase;
			buildActionMask = 2147483647;
			files = (
				303E0D471CED93450053A0FD /* AppDelegate.m in Sources */,
				EF3D8FAC1CEEBAA100AF117D /* LessonViewController.m in Sources */,
				EF3D8FAD1CEEBAA100AF117D /* LoginViewController.m in Sources */,
				EF3D8F951CEEBA5D00AF117D /* CategoriesViewController.m in Sources */,
				30D0B86C1CFD331D0051F40A /* NSData+Base64.m in Sources */,
				30B7ABF21D0577BF00553861 /* UserInput.m in Sources */,
				307C50081D065E8800182659 /* ParseJson.m in Sources */,
				30B7ABEF1D05777E00553861 /* User.m in Sources */,
				30D0B8661CFD32E00051F40A /* NSString+Base64.m in Sources */,
				EF3D8FAE1CEEBAA100AF117D /* RegisterViewController.m in Sources */,
				307C500B1D065EA100182659 /* NetworkConnection.m in Sources */,
				303E0D441CED93450053A0FD /* main.m in Sources */,
				EF3D8FAB1CEEBAA100AF117D /* HomeViewController.m in Sources */,
				EF3D8FAF1CEEBAA100AF117D /* ResultViewController.m in Sources */,
				30D0B8691CFD32FC0051F40A /* NSData+CommonCrypto.m in Sources */,
				EF3D8FB11CEEBAA100AF117D /* WordsListViewController.m in Sources */,
				30D0B86F1CFD333A0051F40A /* AESCrypt.m in Sources */,
				EF3D8FB01CEEBAA100AF117D /* UpdateProfileViewController.m in Sources */,
			);
			runOnlyForDeploymentPostprocessing = 0;
		};
		303E0D541CED93450053A0FD /* Sources */ = {
			isa = PBXSourcesBuildPhase;
			buildActionMask = 2147483647;
			files = (
				303E0D5D1CED93450053A0FD /* ElearningTests.m in Sources */,
			);
			runOnlyForDeploymentPostprocessing = 0;
		};
		303E0D5F1CED93450053A0FD /* Sources */ = {
			isa = PBXSourcesBuildPhase;
			buildActionMask = 2147483647;
			files = (
				303E0D681CED93450053A0FD /* ElearningUITests.m in Sources */,
			);
			runOnlyForDeploymentPostprocessing = 0;
		};
/* End PBXSourcesBuildPhase section */

/* Begin PBXTargetDependency section */
		303E0D5A1CED93450053A0FD /* PBXTargetDependency */ = {
			isa = PBXTargetDependency;
			target = 303E0D3E1CED93450053A0FD /* Elearning */;
			targetProxy = 303E0D591CED93450053A0FD /* PBXContainerItemProxy */;
		};
		303E0D651CED93450053A0FD /* PBXTargetDependency */ = {
			isa = PBXTargetDependency;
			target = 303E0D3E1CED93450053A0FD /* Elearning */;
			targetProxy = 303E0D641CED93450053A0FD /* PBXContainerItemProxy */;
		};
/* End PBXTargetDependency section */

/* Begin PBXVariantGroup section */
		303E0D4B1CED93450053A0FD /* Main.storyboard */ = {
			isa = PBXVariantGroup;
			children = (
				303E0D4C1CED93450053A0FD /* Base */,
			);
			name = Main.storyboard;
			sourceTree = "<group>";
		};
		303E0D501CED93450053A0FD /* LaunchScreen.storyboard */ = {
			isa = PBXVariantGroup;
			children = (
				303E0D511CED93450053A0FD /* Base */,
			);
			name = LaunchScreen.storyboard;
			sourceTree = "<group>";
		};
/* End PBXVariantGroup section */

/* Begin XCBuildConfiguration section */
		303E0D6A1CED93450053A0FD /* Debug */ = {
			isa = XCBuildConfiguration;
			buildSettings = {
				ALWAYS_SEARCH_USER_PATHS = NO;
				CLANG_ANALYZER_NONNULL = YES;
				CLANG_CXX_LANGUAGE_STANDARD = "gnu++0x";
				CLANG_CXX_LIBRARY = "libc++";
				CLANG_ENABLE_MODULES = YES;
				CLANG_ENABLE_OBJC_ARC = YES;
				CLANG_WARN_BOOL_CONVERSION = YES;
				CLANG_WARN_CONSTANT_CONVERSION = YES;
				CLANG_WARN_DIRECT_OBJC_ISA_USAGE = YES_ERROR;
				CLANG_WARN_EMPTY_BODY = YES;
				CLANG_WARN_ENUM_CONVERSION = YES;
				CLANG_WARN_INT_CONVERSION = YES;
				CLANG_WARN_OBJC_ROOT_CLASS = YES_ERROR;
				CLANG_WARN_UNREACHABLE_CODE = YES;
				CLANG_WARN__DUPLICATE_METHOD_MATCH = YES;
				"CODE_SIGN_IDENTITY[sdk=iphoneos*]" = "iPhone Developer";
				COPY_PHASE_STRIP = NO;
				DEBUG_INFORMATION_FORMAT = dwarf;
				ENABLE_STRICT_OBJC_MSGSEND = YES;
				ENABLE_TESTABILITY = YES;
				GCC_C_LANGUAGE_STANDARD = gnu99;
				GCC_DYNAMIC_NO_PIC = NO;
				GCC_NO_COMMON_BLOCKS = YES;
				GCC_OPTIMIZATION_LEVEL = 0;
				GCC_PREPROCESSOR_DEFINITIONS = (
					"DEBUG=1",
					"$(inherited)",
				);
				GCC_WARN_64_TO_32_BIT_CONVERSION = YES;
				GCC_WARN_ABOUT_RETURN_TYPE = YES_ERROR;
				GCC_WARN_UNDECLARED_SELECTOR = YES;
				GCC_WARN_UNINITIALIZED_AUTOS = YES_AGGRESSIVE;
				GCC_WARN_UNUSED_FUNCTION = YES;
				GCC_WARN_UNUSED_VARIABLE = YES;
				IPHONEOS_DEPLOYMENT_TARGET = 9.3;
				MTL_ENABLE_DEBUG_INFO = YES;
				ONLY_ACTIVE_ARCH = YES;
				SDKROOT = iphoneos;
			};
			name = Debug;
		};
		303E0D6B1CED93450053A0FD /* Release */ = {
			isa = XCBuildConfiguration;
			buildSettings = {
				ALWAYS_SEARCH_USER_PATHS = NO;
				CLANG_ANALYZER_NONNULL = YES;
				CLANG_CXX_LANGUAGE_STANDARD = "gnu++0x";
				CLANG_CXX_LIBRARY = "libc++";
				CLANG_ENABLE_MODULES = YES;
				CLANG_ENABLE_OBJC_ARC = YES;
				CLANG_WARN_BOOL_CONVERSION = YES;
				CLANG_WARN_CONSTANT_CONVERSION = YES;
				CLANG_WARN_DIRECT_OBJC_ISA_USAGE = YES_ERROR;
				CLANG_WARN_EMPTY_BODY = YES;
				CLANG_WARN_ENUM_CONVERSION = YES;
				CLANG_WARN_INT_CONVERSION = YES;
				CLANG_WARN_OBJC_ROOT_CLASS = YES_ERROR;
				CLANG_WARN_UNREACHABLE_CODE = YES;
				CLANG_WARN__DUPLICATE_METHOD_MATCH = YES;
				"CODE_SIGN_IDENTITY[sdk=iphoneos*]" = "iPhone Developer";
				COPY_PHASE_STRIP = NO;
				DEBUG_INFORMATION_FORMAT = "dwarf-with-dsym";
				ENABLE_NS_ASSERTIONS = NO;
				ENABLE_STRICT_OBJC_MSGSEND = YES;
				GCC_C_LANGUAGE_STANDARD = gnu99;
				GCC_NO_COMMON_BLOCKS = YES;
				GCC_WARN_64_TO_32_BIT_CONVERSION = YES;
				GCC_WARN_ABOUT_RETURN_TYPE = YES_ERROR;
				GCC_WARN_UNDECLARED_SELECTOR = YES;
				GCC_WARN_UNINITIALIZED_AUTOS = YES_AGGRESSIVE;
				GCC_WARN_UNUSED_FUNCTION = YES;
				GCC_WARN_UNUSED_VARIABLE = YES;
				IPHONEOS_DEPLOYMENT_TARGET = 9.3;
				MTL_ENABLE_DEBUG_INFO = NO;
				SDKROOT = iphoneos;
				VALIDATE_PRODUCT = YES;
			};
			name = Release;
		};
		303E0D6D1CED93450053A0FD /* Debug */ = {
			isa = XCBuildConfiguration;
			buildSettings = {
				ASSETCATALOG_COMPILER_APPICON_NAME = AppIcon;
				CODE_SIGN_IDENTITY = "iPhone Developer";
				"CODE_SIGN_IDENTITY[sdk=iphoneos*]" = "iPhone Developer";
				INFOPLIST_FILE = Elearning/Info.plist;
				IPHONEOS_DEPLOYMENT_TARGET = 9.0;
				LD_RUNPATH_SEARCH_PATHS = "$(inherited) @executable_path/Frameworks";
				PRODUCT_BUNDLE_IDENTIFIER = com.framgia.ElearningMobile;
				PRODUCT_NAME = "$(TARGET_NAME)";
				PROVISIONING_PROFILE = "";
			};
			name = Debug;
		};
		303E0D6E1CED93450053A0FD /* Release */ = {
			isa = XCBuildConfiguration;
			buildSettings = {
				ASSETCATALOG_COMPILER_APPICON_NAME = AppIcon;
				CODE_SIGN_IDENTITY = "iPhone Developer";
				"CODE_SIGN_IDENTITY[sdk=iphoneos*]" = "iPhone Developer";
				INFOPLIST_FILE = Elearning/Info.plist;
				IPHONEOS_DEPLOYMENT_TARGET = 9.0;
				LD_RUNPATH_SEARCH_PATHS = "$(inherited) @executable_path/Frameworks";
				PRODUCT_BUNDLE_IDENTIFIER = com.framgia.ElearningMobile;
				PRODUCT_NAME = "$(TARGET_NAME)";
				PROVISIONING_PROFILE = "";
			};
			name = Release;
		};
		303E0D701CED93450053A0FD /* Debug */ = {
			isa = XCBuildConfiguration;
			buildSettings = {
				BUNDLE_LOADER = "$(TEST_HOST)";
				INFOPLIST_FILE = ElearningTests/Info.plist;
				LD_RUNPATH_SEARCH_PATHS = "$(inherited) @executable_path/Frameworks @loader_path/Frameworks";
				PRODUCT_BUNDLE_IDENTIFIER = com.framgia.ElearningTests;
				PRODUCT_NAME = "$(TARGET_NAME)";
				TEST_HOST = "$(BUILT_PRODUCTS_DIR)/Elearning.app/Elearning";
			};
			name = Debug;
		};
		303E0D711CED93450053A0FD /* Release */ = {
			isa = XCBuildConfiguration;
			buildSettings = {
				BUNDLE_LOADER = "$(TEST_HOST)";
				INFOPLIST_FILE = ElearningTests/Info.plist;
				LD_RUNPATH_SEARCH_PATHS = "$(inherited) @executable_path/Frameworks @loader_path/Frameworks";
				PRODUCT_BUNDLE_IDENTIFIER = com.framgia.ElearningTests;
				PRODUCT_NAME = "$(TARGET_NAME)";
				TEST_HOST = "$(BUILT_PRODUCTS_DIR)/Elearning.app/Elearning";
			};
			name = Release;
		};
		303E0D731CED93450053A0FD /* Debug */ = {
			isa = XCBuildConfiguration;
			buildSettings = {
				INFOPLIST_FILE = ElearningUITests/Info.plist;
				LD_RUNPATH_SEARCH_PATHS = "$(inherited) @executable_path/Frameworks @loader_path/Frameworks";
				PRODUCT_BUNDLE_IDENTIFIER = com.framgia.ElearningUITests;
				PRODUCT_NAME = "$(TARGET_NAME)";
				TEST_TARGET_NAME = Elearning;
			};
			name = Debug;
		};
		303E0D741CED93450053A0FD /* Release */ = {
			isa = XCBuildConfiguration;
			buildSettings = {
				INFOPLIST_FILE = ElearningUITests/Info.plist;
				LD_RUNPATH_SEARCH_PATHS = "$(inherited) @executable_path/Frameworks @loader_path/Frameworks";
				PRODUCT_BUNDLE_IDENTIFIER = com.framgia.ElearningUITests;
				PRODUCT_NAME = "$(TARGET_NAME)";
				TEST_TARGET_NAME = Elearning;
			};
			name = Release;
		};
/* End XCBuildConfiguration section */

/* Begin XCConfigurationList section */
		303E0D3A1CED93450053A0FD /* Build configuration list for PBXProject "Elearning" */ = {
			isa = XCConfigurationList;
			buildConfigurations = (
				303E0D6A1CED93450053A0FD /* Debug */,
				303E0D6B1CED93450053A0FD /* Release */,
			);
			defaultConfigurationIsVisible = 0;
			defaultConfigurationName = Release;
		};
		303E0D6C1CED93450053A0FD /* Build configuration list for PBXNativeTarget "Elearning" */ = {
			isa = XCConfigurationList;
			buildConfigurations = (
				303E0D6D1CED93450053A0FD /* Debug */,
				303E0D6E1CED93450053A0FD /* Release */,
			);
			defaultConfigurationIsVisible = 0;
			defaultConfigurationName = Release;
		};
		303E0D6F1CED93450053A0FD /* Build configuration list for PBXNativeTarget "ElearningTests" */ = {
			isa = XCConfigurationList;
			buildConfigurations = (
				303E0D701CED93450053A0FD /* Debug */,
				303E0D711CED93450053A0FD /* Release */,
			);
			defaultConfigurationIsVisible = 0;
			defaultConfigurationName = Release;
		};
		303E0D721CED93450053A0FD /* Build configuration list for PBXNativeTarget "ElearningUITests" */ = {
			isa = XCConfigurationList;
			buildConfigurations = (
				303E0D731CED93450053A0FD /* Debug */,
				303E0D741CED93450053A0FD /* Release */,
			);
			defaultConfigurationIsVisible = 0;
			defaultConfigurationName = Release;
		};
/* End XCConfigurationList section */
	};
	rootObject = 303E0D371CED93450053A0FD /* Project object */;
}
